
Microsoft Visual Studio Solution File, Format Version 12.00
# Visual Studio Version 17
VisualStudioVersion = 17.7.34031.279
MinimumVisualStudioVersion = 10.0.40219.1
Project("{FAE04EC0-301F-11D3-BF4B-00C04F79EFBC}") = "WindowsFormsApp7", "WindowsFormsApp7.csproj", "{CCDE4B26-234F-44BD-92BE-A322983C38E3}"
EndProject
Global
	GlobalSection(SolutionConfigurationPlatforms) = preSolution
		Debug|Any CPU = Debug|Any CPU
		Release|Any CPU = Release|Any CPU
	EndGlobalSection
	GlobalSection(ProjectConfigurationPlatforms) = postSolution
		{CCDE4B26-234F-44BD-92BE-A322983C38E3}.Debug|Any CPU.ActiveCfg = Debug|Any CPU
		{CCDE4B26-234F-44BD-92BE-A322983C38E3}.Debug|Any CPU.Build.0 = Debug|Any CPU
		{CCDE4B26-234F-44BD-92BE-A322983C38E3}.Release|Any CPU.ActiveCfg = Release|Any CPU
		{CCDE4B26-234F-44BD-92BE-A322983C38E3}.Release|Any CPU.Build.0 = Release|Any CPU
	EndGlobalSection
	GlobalSection(SolutionProperties) = preSolution
		HideSolutionNode = FALSE
	EndGlobalSection
	GlobalSection(ExtensibilityGlobals) = postSolution
		SolutionGuid = {000ECE4B-43FD-4B7D-A7EA-CE34ACD6A104}
	EndGlobalSection
EndGlobal
